// !$*UTF8*$!
{
	archiveVersion = 1;
	classes = {
	};
	objectVersion = 46;
	objects = {

/* Begin PBXBuildFile section */
		6E0CF0B11E014A9E002B0DE7 /* appInfo.png in Resources */ = {isa = PBXBuildFile; fileRef = 6E0CF0B01E014A9E002B0DE7 /* appInfo.png */; };
		6E1BC4261DFF867900579A55 /* AppDelegate.swift in Sources */ = {isa = PBXBuildFile; fileRef = 6E1BC4251DFF867900579A55 /* AppDelegate.swift */; };
		6E1BC4281DFF867900579A55 /* ViewController.swift in Sources */ = {isa = PBXBuildFile; fileRef = 6E1BC4271DFF867900579A55 /* ViewController.swift */; };
		6E1BC42B1DFF867900579A55 /* Main.storyboard in Resources */ = {isa = PBXBuildFile; fileRef = 6E1BC4291DFF867900579A55 /* Main.storyboard */; };
		6E1BC42D1DFF867900579A55 /* Assets.xcassets in Resources */ = {isa = PBXBuildFile; fileRef = 6E1BC42C1DFF867900579A55 /* Assets.xcassets */; };
		6E1BC4301DFF867900579A55 /* LaunchScreen.storyboard in Resources */ = {isa = PBXBuildFile; fileRef = 6E1BC42E1DFF867900579A55 /* LaunchScreen.storyboard */; };
		6E1BC43B1DFF867900579A55 /* tipCalTests.swift in Sources */ = {isa = PBXBuildFile; fileRef = 6E1BC43A1DFF867900579A55 /* tipCalTests.swift */; };
		6E1BC4461DFF867900579A55 /* tipCalUITests.swift in Sources */ = {isa = PBXBuildFile; fileRef = 6E1BC4451DFF867900579A55 /* tipCalUITests.swift */; };
		6E1BC4561DFF9DC600579A55 /* settingController.swift in Sources */ = {isa = PBXBuildFile; fileRef = 6E1BC4551DFF9DC600579A55 /* settingController.swift */; };
		6EA534EF1E04937900D1EEEA /* person-standing-full-body-outline-ios-7-interface-symbol_318-33642.jpg in Resources */ = {isa = PBXBuildFile; fileRef = 6EA534EE1E04937900D1EEEA /* person-standing-full-body-outline-ios-7-interface-symbol_318-33642.jpg */; };
/* End PBXBuildFile section */

/* Begin PBXContainerItemProxy section */
		6E1BC4371DFF867900579A55 /* PBXContainerItemProxy */ = {
			isa = PBXContainerItemProxy;
			containerPortal = 6E1BC41A1DFF867900579A55 /* Project object */;
			proxyType = 1;
			remoteGlobalIDString = 6E1BC4211DFF867900579A55;
			remoteInfo = tipCal;
		};
		6E1BC4421DFF867900579A55 /* PBXContainerItemProxy */ = {
			isa = PBXContainerItemProxy;
			containerPortal = 6E1BC41A1DFF867900579A55 /* Project object */;
			proxyType = 1;
			remoteGlobalIDString = 6E1BC4211DFF867900579A55;
			remoteInfo = tipCal;
		};
/* End PBXContainerItemProxy section */

/* Begin PBXFileReference section */
		6E0CF0B01E014A9E002B0DE7 /* appInfo.png */ = {isa = PBXFileReference; lastKnownFileType = image.png; name = appInfo.png; path = ../../../appInfo.png; sourceTree = "<group>"; };
		6E1BC4221DFF867900579A55 /* tipCal.app */ = {isa = PBXFileReference; explicitFileType = wrapper.application; includeInIndex = 0; path = tipCal.app; sourceTree = BUILT_PRODUCTS_DIR; };
		6E1BC4251DFF867900579A55 /* AppDelegate.swift */ = {isa = PBXFileReference; lastKnownFileType = sourcecode.swift; path = AppDelegate.swift; sourceTree = "<group>"; };
		6E1BC4271DFF867900579A55 /* ViewController.swift */ = {isa = PBXFileReference; lastKnownFileType = sourcecode.swift; path = ViewController.swift; sourceTree = "<group>"; };
		6E1BC42A1DFF867900579A55 /* Base */ = {isa = PBXFileReference; lastKnownFileType = file.storyboard; name = Base; path = Base.lproj/Main.storyboard; sourceTree = "<group>"; };
		6E1BC42C1DFF867900579A55 /* Assets.xcassets */ = {isa = PBXFileReference; lastKnownFileType = folder.assetcatalog; path = Assets.xcassets; sourceTree = "<group>"; };
		6E1BC42F1DFF867900579A55 /* Base */ = {isa = PBXFileReference; lastKnownFileType = file.storyboard; name = Base; path = Base.lproj/LaunchScreen.storyboard; sourceTree = "<group>"; };
		6E1BC4311DFF867900579A55 /* Info.plist */ = {isa = PBXFileReference; lastKnownFileType = text.plist.xml; path = Info.plist; sourceTree = "<group>"; };
		6E1BC4361DFF867900579A55 /* tipCalTests.xctest */ = {isa = PBXFileReference; explicitFileType = wrapper.cfbundle; includeInIndex = 0; path = tipCalTests.xctest; sourceTree = BUILT_PRODUCTS_DIR; };
		6E1BC43A1DFF867900579A55 /* tipCalTests.swift */ = {isa = PBXFileReference; lastKnownFileType = sourcecode.swift; path = tipCalTests.swift; sourceTree = "<group>"; };
		6E1BC43C1DFF867900579A55 /* Info.plist */ = {isa = PBXFileReference; lastKnownFileType = text.plist.xml; path = Info.plist; sourceTree = "<group>"; };
		6E1BC4411DFF867900579A55 /* tipCalUITests.xctest */ = {isa = PBXFileReference; explicitFileType = wrapper.cfbundle; includeInIndex = 0; path = tipCalUITests.xctest; sourceTree = BUILT_PRODUCTS_DIR; };
		6E1BC4451DFF867900579A55 /* tipCalUITests.swift */ = {isa = PBXFileReference; lastKnownFileType = sourcecode.swift; path = tipCalUITests.swift; sourceTree = "<group>"; };
		6E1BC4471DFF867900579A55 /* Info.plist */ = {isa = PBXFileReference; lastKnownFileType = text.plist.xml; path = Info.plist; sourceTree = "<group>"; };
		6E1BC4551DFF9DC600579A55 /* settingController.swift */ = {isa = PBXFileReference; fileEncoding = 4; lastKnownFileType = sourcecode.swift; path = settingController.swift; sourceTree = "<group>"; };
		6EA534EE1E04937900D1EEEA /* person-standing-full-body-outline-ios-7-interface-symbol_318-33642.jpg */ = {isa = PBXFileReference; lastKnownFileType = image.jpeg; name = "person-standing-full-body-outline-ios-7-interface-symbol_318-33642.jpg"; path = "../../../person-standing-full-body-outline-ios-7-interface-symbol_318-33642.jpg"; sourceTree = "<group>"; };
/* End PBXFileReference section */

/* Begin PBXFrameworksBuildPhase section */
		6E1BC41F1DFF867900579A55 /* Frameworks */ = {
			isa = PBXFrameworksBuildPhase;
			buildActionMask = 2147483647;
			files = (
			);
			runOnlyForDeploymentPostprocessing = 0;
		};
		6E1BC4331DFF867900579A55 /* Frameworks */ = {
			isa = PBXFrameworksBuildPhase;
			buildActionMask = 2147483647;
			files = (
			);
			runOnlyForDeploymentPostprocessing = 0;
		};
		6E1BC43E1DFF867900579A55 /* Frameworks */ = {
			isa = PBXFrameworksBuildPhase;
			buildActionMask = 2147483647;
			files = (
			);
			runOnlyForDeploymentPostprocessing = 0;
		};
/* End PBXFrameworksBuildPhase section */

/* Begin PBXGroup section */
		6E1BC4191DFF867900579A55 = {
			isa = PBXGroup;
			children = (
				6E1BC4241DFF867900579A55 /* tipCal */,
				6E1BC4391DFF867900579A55 /* tipCalTests */,
				6E1BC4441DFF867900579A55 /* tipCalUITests */,
				6E1BC4231DFF867900579A55 /* Products */,
			);
			sourceTree = "<group>";
		};
		6E1BC4231DFF867900579A55 /* Products */ = {
			isa = PBXGroup;
			children = (
				6E1BC4221DFF867900579A55 /* tipCal.app */,
				6E1BC4361DFF867900579A55 /* tipCalTests.xctest */,
				6E1BC4411DFF867900579A55 /* tipCalUITests.xctest */,
			);
			name = Products;
			sourceTree = "<group>";
		};
		6E1BC4241DFF867900579A55 /* tipCal */ = {
			isa = PBXGroup;
			children = (
				6EA534EE1E04937900D1EEEA /* person-standing-full-body-outline-ios-7-interface-symbol_318-33642.jpg */,
				6E1BC4251DFF867900579A55 /* AppDelegate.swift */,
				6E1BC4271DFF867900579A55 /* ViewController.swift */,
				6E1BC4291DFF867900579A55 /* Main.storyboard */,
				6E1BC4551DFF9DC600579A55 /* settingController.swift */,
				6E1BC42C1DFF867900579A55 /* Assets.xcassets */,
				6E0CF0B01E014A9E002B0DE7 /* appInfo.png */,
				6E1BC42E1DFF867900579A55 /* LaunchScreen.storyboard */,
				6E1BC4311DFF867900579A55 /* Info.plist */,
			);
			path = tipCal;
			sourceTree = "<group>";
		};
		6E1BC4391DFF867900579A55 /* tipCalTests */ = {
			isa = PBXGroup;
			children = (
				6E1BC43A1DFF867900579A55 /* tipCalTests.swift */,
				6E1BC43C1DFF867900579A55 /* Info.plist */,
			);
			path = tipCalTests;
			sourceTree = "<group>";
		};
		6E1BC4441DFF867900579A55 /* tipCalUITests */ = {
			isa = PBXGroup;
			children = (
				6E1BC4451DFF867900579A55 /* tipCalUITests.swift */,
				6E1BC4471DFF867900579A55 /* Info.plist */,
			);
			path = tipCalUITests;
			sourceTree = "<group>";
		};
/* End PBXGroup section */

/* Begin PBXNativeTarget section */
		6E1BC4211DFF867900579A55 /* tipCal */ = {
			isa = PBXNativeTarget;
			buildConfigurationList = 6E1BC44A1DFF867900579A55 /* Build configuration list for PBXNativeTarget "tipCal" */;
			buildPhases = (
				6E1BC41E1DFF867900579A55 /* Sources */,
				6E1BC41F1DFF867900579A55 /* Frameworks */,
				6E1BC4201DFF867900579A55 /* Resources */,
			);
			buildRules = (
			);
			dependencies = (
			);
			name = tipCal;
			productName = tipCal;
			productReference = 6E1BC4221DFF867900579A55 /* tipCal.app */;
			productType = "com.apple.product-type.application";
		};
		6E1BC4351DFF867900579A55 /* tipCalTests */ = {
			isa = PBXNativeTarget;
			buildConfigurationList = 6E1BC44D1DFF867900579A55 /* Build configuration list for PBXNativeTarget "tipCalTests" */;
			buildPhases = (
				6E1BC4321DFF867900579A55 /* Sources */,
				6E1BC4331DFF867900579A55 /* Frameworks */,
				6E1BC4341DFF867900579A55 /* Resources */,
			);
			buildRules = (
			);
			dependencies = (
				6E1BC4381DFF867900579A55 /* PBXTargetDependency */,
			);
			name = tipCalTests;
			productName = tipCalTests;
			productReference = 6E1BC4361DFF867900579A55 /* tipCalTests.xctest */;
			productType = "com.apple.product-type.bundle.unit-test";
		};
		6E1BC4401DFF867900579A55 /* tipCalUITests */ = {
			isa = PBXNativeTarget;
			buildConfigurationList = 6E1BC4501DFF867900579A55 /* Build configuration list for PBXNativeTarget "tipCalUITests" */;
			buildPhases = (
				6E1BC43D1DFF867900579A55 /* Sources */,
				6E1BC43E1DFF867900579A55 /* Frameworks */,
				6E1BC43F1DFF867900579A55 /* Resources */,
			);
			buildRules = (
			);
			dependencies = (
				6E1BC4431DFF867900579A55 /* PBXTargetDependency */,
			);
			name = tipCalUITests;
			productName = tipCalUITests;
			productReference = 6E1BC4411DFF867900579A55 /* tipCalUITests.xctest */;
			productType = "com.apple.product-type.bundle.ui-testing";
		};
/* End PBXNativeTarget section */

/* Begin PBXProject section */
		6E1BC41A1DFF867900579A55 /* Project object */ = {
			isa = PBXProject;
			attributes = {
				LastSwiftUpdateCheck = 0800;
				LastUpgradeCheck = 0820;
				ORGANIZATIONNAME = "Jake Vo";
				TargetAttributes = {
					6E1BC4211DFF867900579A55 = {
						CreatedOnToolsVersion = 8.0;
						DevelopmentTeam = YXRDGGLHC4;
						ProvisioningStyle = Automatic;
					};
					6E1BC4351DFF867900579A55 = {
						CreatedOnToolsVersion = 8.0;
						DevelopmentTeam = YXRDGGLHC4;
						ProvisioningStyle = Automatic;
						TestTargetID = 6E1BC4211DFF867900579A55;
					};
					6E1BC4401DFF867900579A55 = {
						CreatedOnToolsVersion = 8.0;
						DevelopmentTeam = YXRDGGLHC4;
						ProvisioningStyle = Automatic;
						TestTargetID = 6E1BC4211DFF867900579A55;
					};
				};
			};
			buildConfigurationList = 6E1BC41D1DFF867900579A55 /* Build configuration list for PBXProject "tipCal" */;
			compatibilityVersion = "Xcode 3.2";
			developmentRegion = English;
			hasScannedForEncodings = 0;
			knownRegions = (
				en,
				Base,
			);
			mainGroup = 6E1BC4191DFF867900579A55;
			productRefGroup = 6E1BC4231DFF867900579A55 /* Products */;
			projectDirPath = "";
			projectRoot = "";
			targets = (
				6E1BC4211DFF867900579A55 /* tipCal */,
				6E1BC4351DFF867900579A55 /* tipCalTests */,
				6E1BC4401DFF867900579A55 /* tipCalUITests */,
			);
		};
/* End PBXProject section */

/* Begin PBXResourcesBuildPhase section */
		6E1BC4201DFF867900579A55 /* Resources */ = {
			isa = PBXResourcesBuildPhase;
			buildActionMask = 2147483647;
			files = (
				6E1BC4301DFF867900579A55 /* LaunchScreen.storyboard in Resources */,
				6E0CF0B11E014A9E002B0DE7 /* appInfo.png in Resources */,
				6E1BC42D1DFF867900579A55 /* Assets.xcassets in Resources */,
				6EA534EF1E04937900D1EEEA /* person-standing-full-body-outline-ios-7-interface-symbol_318-33642.jpg in Resources */,
				6E1BC42B1DFF867900579A55 /* Main.storyboard in Resources */,
			);
			runOnlyForDeploymentPostprocessing = 0;
		};
		6E1BC4341DFF867900579A55 /* Resources */ = {
			isa = PBXResourcesBuildPhase;
			buildActionMask = 2147483647;
			files = (
			);
			runOnlyForDeploymentPostprocessing = 0;
		};
		6E1BC43F1DFF867900579A55 /* Resources */ = {
			isa = PBXResourcesBuildPhase;
			buildActionMask = 2147483647;
			files = (
			);
			runOnlyForDeploymentPostprocessing = 0;
		};
/* End PBXResourcesBuildPhase section */

/* Begin PBXSourcesBuildPhase section */
		6E1BC41E1DFF867900579A55 /* Sources */ = {
			isa = PBXSourcesBuildPhase;
			buildActionMask = 2147483647;
			files = (
				6E1BC4281DFF867900579A55 /* ViewController.swift in Sources */,
				6E1BC4261DFF867900579A55 /* AppDelegate.swift in Sources */,
				6E1BC4561DFF9DC600579A55 /* settingController.swift in Sources */,
			);
			runOnlyForDeploymentPostprocessing = 0;
		};
		6E1BC4321DFF867900579A55 /* Sources */ = {
			isa = PBXSourcesBuildPhase;
			buildActionMask = 2147483647;
			files = (
				6E1BC43B1DFF867900579A55 /* tipCalTests.swift in Sources */,
			);
			runOnlyForDeploymentPostprocessing = 0;
		};
		6E1BC43D1DFF867900579A55 /* Sources */ = {
			isa = PBXSourcesBuildPhase;
			buildActionMask = 2147483647;
			files = (
				6E1BC4461DFF867900579A55 /* tipCalUITests.swift in Sources */,
			);
			runOnlyForDeploymentPostprocessing = 0;
		};
/* End PBXSourcesBuildPhase section */

/* Begin PBXTargetDependency section */
		6E1BC4381DFF867900579A55 /* PBXTargetDependency */ = {
			isa = PBXTargetDependency;
			target = 6E1BC4211DFF867900579A55 /* tipCal */;
			targetProxy = 6E1BC4371DFF867900579A55 /* PBXContainerItemProxy */;
		};
		6E1BC4431DFF867900579A55 /* PBXTargetDependency */ = {
			isa = PBXTargetDependency;
			target = 6E1BC4211DFF867900579A55 /* tipCal */;
			targetProxy = 6E1BC4421DFF867900579A55 /* PBXContainerItemProxy */;
		};
/* End PBXTargetDependency section */

/* Begin PBXVariantGroup section */
		6E1BC4291DFF867900579A55 /* Main.storyboard */ = {
			isa = PBXVariantGroup;
			children = (
				6E1BC42A1DFF867900579A55 /* Base */,
			);
			name = Main.storyboard;
			sourceTree = "<group>";
		};
		6E1BC42E1DFF867900579A55 /* LaunchScreen.storyboard */ = {
			isa = PBXVariantGroup;
			children = (
				6E1BC42F1DFF867900579A55 /* Base */,
			);
			name = LaunchScreen.storyboard;
			sourceTree = "<group>";
		};
/* End PBXVariantGroup section */

/* Begin XCBuildConfiguration section */
		6E1BC4481DFF867900579A55 /* Debug */ = {
			isa = XCBuildConfiguration;
			buildSettings = {
				ALWAYS_SEARCH_USER_PATHS = NO;
				CLANG_ANALYZER_NONNULL = YES;
				CLANG_CXX_LANGUAGE_STANDARD = "gnu++0x";
				CLANG_CXX_LIBRARY = "libc++";
				CLANG_ENABLE_MODULES = YES;
				CLANG_ENABLE_OBJC_ARC = YES;
				CLANG_WARN_BOOL_CONVERSION = YES;
				CLANG_WARN_CONSTANT_CONVERSION = YES;
				CLANG_WARN_DIRECT_OBJC_ISA_USAGE = YES_ERROR;
				CLANG_WARN_DOCUMENTATION_COMMENTS = YES;
				CLANG_WARN_EMPTY_BODY = YES;
				CLANG_WARN_ENUM_CONVERSION = YES;
				CLANG_WARN_INFINITE_RECURSION = YES;
				CLANG_WARN_INT_CONVERSION = YES;
				CLANG_WARN_OBJC_ROOT_CLASS = YES_ERROR;
				CLANG_WARN_SUSPICIOUS_MOVE = YES;
				CLANG_WARN_SUSPICIOUS_MOVES = YES;
				CLANG_WARN_UNREACHABLE_CODE = YES;
				CLANG_WARN__DUPLICATE_METHOD_MATCH = YES;
				"CODE_SIGN_IDENTITY[sdk=iphoneos*]" = "iPhone Developer";
				COPY_PHASE_STRIP = NO;
				DEBUG_INFORMATION_FORMAT = dwarf;
				ENABLE_STRICT_OBJC_MSGSEND = YES;
				ENABLE_TESTABILITY = YES;
				GCC_C_LANGUAGE_STANDARD = gnu99;
				GCC_DYNAMIC_NO_PIC = NO;
				GCC_NO_COMMON_BLOCKS = YES;
				GCC_OPTIMIZATION_LEVEL = 0;
				GCC_PREPROCESSOR_DEFINITIONS = (
					"DEBUG=1",
					"$(inherited)",
				);
				GCC_WARN_64_TO_32_BIT_CONVERSION = YES;
				GCC_WARN_ABOUT_RETURN_TYPE = YES_ERROR;
				GCC_WARN_UNDECLARED_SELECTOR = YES;
				GCC_WARN_UNINITIALIZED_AUTOS = YES_AGGRESSIVE;
				GCC_WARN_UNUSED_FUNCTION = YES;
				GCC_WARN_UNUSED_VARIABLE = YES;
				IPHONEOS_DEPLOYMENT_TARGET = 10.0;
				MTL_ENABLE_DEBUG_INFO = YES;
				ONLY_ACTIVE_ARCH = YES;
				SDKROOT = iphoneos;
				SWIFT_ACTIVE_COMPILATION_CONDITIONS = DEBUG;
				SWIFT_OPTIMIZATION_LEVEL = "-Onone";
			};
			name = Debug;
		};
		6E1BC4491DFF867900579A55 /* Release */ = {
			isa = XCBuildConfiguration;
			buildSettings = {
				ALWAYS_SEARCH_USER_PATHS = NO;
				CLANG_ANALYZER_NONNULL = YES;
				CLANG_CXX_LANGUAGE_STANDARD = "gnu++0x";
				CLANG_CXX_LIBRARY = "libc++";
				CLANG_ENABLE_MODULES = YES;
				CLANG_ENABLE_OBJC_ARC = YES;
				CLANG_WARN_BOOL_CONVERSION = YES;
				CLANG_WARN_CONSTANT_CONVERSION = YES;
				CLANG_WARN_DIRECT_OBJC_ISA_USAGE = YES_ERROR;
				CLANG_WARN_DOCUMENTATION_COMMENTS = YES;
				CLANG_WARN_EMPTY_BODY = YES;
				CLANG_WARN_ENUM_CONVERSION = YES;
				CLANG_WARN_INFINITE_RECURSION = YES;
				CLANG_WARN_INT_CONVERSION = YES;
				CLANG_WARN_OBJC_ROOT_CLASS = YES_ERROR;
				CLANG_WARN_SUSPICIOUS_MOVE = YES;
				CLANG_WARN_SUSPICIOUS_MOVES = YES;
				CLANG_WARN_UNREACHABLE_CODE = YES;
				CLANG_WARN__DUPLICATE_METHOD_MATCH = YES;
				"CODE_SIGN_IDENTITY[sdk=iphoneos*]" = "iPhone Developer";
				COPY_PHASE_STRIP = NO;
				DEBUG_INFORMATION_FORMAT = "dwarf-with-dsym";
				ENABLE_NS_ASSERTIONS = NO;
				ENABLE_STRICT_OBJC_MSGSEND = YES;
				GCC_C_LANGUAGE_STANDARD = gnu99;
				GCC_NO_COMMON_BLOCKS = YES;
				GCC_WARN_64_TO_32_BIT_CONVERSION = YES;
				GCC_WARN_ABOUT_RETURN_TYPE = YES_ERROR;
				GCC_WARN_UNDECLARED_SELECTOR = YES;
				GCC_WARN_UNINITIALIZED_AUTOS = YES_AGGRESSIVE;
				GCC_WARN_UNUSED_FUNCTION = YES;
				GCC_WARN_UNUSED_VARIABLE = YES;
				IPHONEOS_DEPLOYMENT_TARGET = 10.0;
				MTL_ENABLE_DEBUG_INFO = NO;
				SDKROOT = iphoneos;
				SWIFT_OPTIMIZATION_LEVEL = "-Owholemodule";
				VALIDATE_PRODUCT = YES;
			};
			name = Release;
		};
		6E1BC44B1DFF867900579A55 /* Debug */ = {
			isa = XCBuildConfiguration;
			buildSettings = {
				ASSETCATALOG_COMPILER_APPICON_NAME = AppIcon;
				DEVELOPMENT_TEAM = YXRDGGLHC4;
				INFOPLIST_FILE = tipCal/Info.plist;
				LD_RUNPATH_SEARCH_PATHS = "$(inherited) @executable_path/Frameworks";
				PRODUCT_BUNDLE_IDENTIFIER = tipCalculator1;
				PRODUCT_NAME = "$(TARGET_NAME)";
				SWIFT_VERSION = 3.0;
				TARGETED_DEVICE_FAMILY = "1,2";
			};
			name = Debug;
		};
		6E1BC44C1DFF867900579A55 /* Release */ = {
			isa = XCBuildConfiguration;
			buildSettings = {
				ASSETCATALOG_COMPILER_APPICON_NAME = AppIcon;
				DEVELOPMENT_TEAM = YXRDGGLHC4;
				INFOPLIST_FILE = tipCal/Info.plist;
				LD_RUNPATH_SEARCH_PATHS = "$(inherited) @executable_path/Frameworks";
				PRODUCT_BUNDLE_IDENTIFIER = tipCalculator1;
				PRODUCT_NAME = "$(TARGET_NAME)";
				SWIFT_VERSION = 3.0;
				TARGETED_DEVICE_FAMILY = "1,2";
			};
			name = Release;
		};
		6E1BC44E1DFF867900579A55 /* Debug */ = {
			isa = XCBuildConfiguration;
			buildSettings = {
				ALWAYS_EMBED_SWIFT_STANDARD_LIBRARIES = YES;
				BUNDLE_LOADER = "$(TEST_HOST)";
				DEVELOPMENT_TEAM = YXRDGGLHC4;
				INFOPLIST_FILE = tipCalTests/Info.plist;
				LD_RUNPATH_SEARCH_PATHS = "$(inherited) @executable_path/Frameworks @loader_path/Frameworks";
				PRODUCT_BUNDLE_IDENTIFIER = com.codepath.tipCalTests;
				PRODUCT_NAME = "$(TARGET_NAME)";
				SWIFT_VERSION = 3.0;
				TEST_HOST = "$(BUILT_PRODUCTS_DIR)/tipCal.app/tipCal";
			};
			name = Debug;
		};
		6E1BC44F1DFF867900579A55 /* Release */ = {
			isa = XCBuildConfiguration;
			buildSettings = {
				ALWAYS_EMBED_SWIFT_STANDARD_LIBRARIES = YES;
				BUNDLE_LOADER = "$(TEST_HOST)";
				DEVELOPMENT_TEAM = YXRDGGLHC4;
				INFOPLIST_FILE = tipCalTests/Info.plist;
				LD_RUNPATH_SEARCH_PATHS = "$(inherited) @executable_path/Frameworks @loader_path/Frameworks";
				PRODUCT_BUNDLE_IDENTIFIER = com.codepath.tipCalTests;
				PRODUCT_NAME = "$(TARGET_NAME)";
				SWIFT_VERSION = 3.0;
				TEST_HOST = "$(BUILT_PRODUCTS_DIR)/tipCal.app/tipCal";
			};
			name = Release;
		};
		6E1BC4511DFF867900579A55 /* Debug */ = {
			isa = XCBuildConfiguration;
			buildSettings = {
				ALWAYS_EMBED_SWIFT_STANDARD_LIBRARIES = YES;
				DEVELOPMENT_TEAM = YXRDGGLHC4;
				INFOPLIST_FILE = tipCalUITests/Info.plist;
				LD_RUNPATH_SEARCH_PATHS = "$(inherited) @executable_path/Frameworks @loader_path/Frameworks";
				PRODUCT_BUNDLE_IDENTIFIER = com.codepath.tipCalUITests;
				PRODUCT_NAME = "$(TARGET_NAME)";
				SWIFT_VERSION = 3.0;
				TEST_TARGET_NAME = tipCal;
			};
			name = Debug;
		};
		6E1BC4521DFF867900579A55 /* Release */ = {
			isa = XCBuildConfiguration;
			buildSettings = {
				ALWAYS_EMBED_SWIFT_STANDARD_LIBRARIES = YES;
				DEVELOPMENT_TEAM = YXRDGGLHC4;
				INFOPLIST_FILE = tipCalUITests/Info.plist;
				LD_RUNPATH_SEARCH_PATHS = "$(inherited) @executable_path/Frameworks @loader_path/Frameworks";
				PRODUCT_BUNDLE_IDENTIFIER = com.codepath.tipCalUITests;
				PRODUCT_NAME = "$(TARGET_NAME)";
				SWIFT_VERSION = 3.0;
				TEST_TARGET_NAME = tipCal;
			};
			name = Release;
		};
/* End XCBuildConfiguration section */

/* Begin XCConfigurationList section */
		6E1BC41D1DFF867900579A55 /* Build configuration list for PBXProject "tipCal" */ = {
			isa = XCConfigurationList;
			buildConfigurations = (
				6E1BC4481DFF867900579A55 /* Debug */,
				6E1BC4491DFF867900579A55 /* Release */,
			);
			defaultConfigurationIsVisible = 0;
			defaultConfigurationName = Release;
		};
		6E1BC44A1DFF867900579A55 /* Build configuration list for PBXNativeTarget "tipCal" */ = {
			isa = XCConfigurationList;
			buildConfigurations = (
				6E1BC44B1DFF867900579A55 /* Debug */,
				6E1BC44C1DFF867900579A55 /* Release */,
			);
			defaultConfigurationIsVisible = 0;
			defaultConfigurationName = Release;
		};
		6E1BC44D1DFF867900579A55 /* Build configuration list for PBXNativeTarget "tipCalTests" */ = {
			isa = XCConfigurationList;
			buildConfigurations = (
				6E1BC44E1DFF867900579A55 /* Debug */,
				6E1BC44F1DFF867900579A55 /* Release */,
			);
			defaultConfigurationIsVisible = 0;
			defaultConfigurationName = Release;
		};
		6E1BC4501DFF867900579A55 /* Build configuration list for PBXNativeTarget "tipCalUITests" */ = {
			isa = XCConfigurationList;
			buildConfigurations = (
				6E1BC4511DFF867900579A55 /* Debug */,
				6E1BC4521DFF867900579A55 /* Release */,
			);
			defaultConfigurationIsVisible = 0;
			defaultConfigurationName = Release;
		};
/* End XCConfigurationList section */
	};
	rootObject = 6E1BC41A1DFF867900579A55 /* Project object */;
}
